// !$*UTF8*$!
{
	archiveVersion = 1;
	classes = {
	};
	objectVersion = 46;
	objects = {

/* Begin PBXBuildFile section */
		B51AD7291C84547F00193739 /* AppDelegate.swift in Sources */ = {isa = PBXBuildFile; fileRef = B51AD7281C84547F00193739 /* AppDelegate.swift */; };
		B51AD72B1C84547F00193739 /* ViewController.swift in Sources */ = {isa = PBXBuildFile; fileRef = B51AD72A1C84547F00193739 /* ViewController.swift */; };
		B51AD72E1C84547F00193739 /* Main.storyboard in Resources */ = {isa = PBXBuildFile; fileRef = B51AD72C1C84547F00193739 /* Main.storyboard */; };
		B51AD7301C84547F00193739 /* Assets.xcassets in Resources */ = {isa = PBXBuildFile; fileRef = B51AD72F1C84547F00193739 /* Assets.xcassets */; };
		B51AD7331C84547F00193739 /* LaunchScreen.storyboard in Resources */ = {isa = PBXBuildFile; fileRef = B51AD7311C84547F00193739 /* LaunchScreen.storyboard */; };
/* End PBXBuildFile section */

/* Begin PBXFileReference section */
		B51AD7251C84547F00193739 /* views.app */ = {isa = PBXFileReference; explicitFileType = wrapper.application; includeInIndex = 0; path = views.app; sourceTree = BUILT_PRODUCTS_DIR; };
		B51AD7281C84547F00193739 /* AppDelegate.swift */ = {isa = PBXFileReference; lastKnownFileType = sourcecode.swift; path = AppDelegate.swift; sourceTree = "<group>"; };
		B51AD72A1C84547F00193739 /* ViewController.swift */ = {isa = PBXFileReference; lastKnownFileType = sourcecode.swift; path = ViewController.swift; sourceTree = "<group>"; };
		B51AD72D1C84547F00193739 /* Base */ = {isa = PBXFileReference; lastKnownFileType = file.storyboard; name = Base; path = Base.lproj/Main.storyboard; sourceTree = "<group>"; };
		B51AD72F1C84547F00193739 /* Assets.xcassets */ = {isa = PBXFileReference; lastKnownFileType = folder.assetcatalog; path = Assets.xcassets; sourceTree = "<group>"; };
		B51AD7321C84547F00193739 /* Base */ = {isa = PBXFileReference; lastKnownFileType = file.storyboard; name = Base; path = Base.lproj/LaunchScreen.storyboard; sourceTree = "<group>"; };
		B51AD7341C84547F00193739 /* Info.plist */ = {isa = PBXFileReference; lastKnownFileType = text.plist.xml; path = Info.plist; sourceTree = "<group>"; };
/* End PBXFileReference section */

/* Begin PBXFrameworksBuildPhase section */
		B51AD7221C84547F00193739 /* Frameworks */ = {
			isa = PBXFrameworksBuildPhase;
			buildActionMask = 2147483647;
			files = (
			);
			runOnlyForDeploymentPostprocessing = 0;
		};
/* End PBXFrameworksBuildPhase section */

/* Begin PBXGroup section */
		B51AD71C1C84547F00193739 = {
			isa = PBXGroup;
			children = (
				B51AD7271C84547F00193739 /* views */,
				B51AD7261C84547F00193739 /* Products */,
			);
			sourceTree = "<group>";
		};
		B51AD7261C84547F00193739 /* Products */ = {
			isa = PBXGroup;
			children = (
				B51AD7251C84547F00193739 /* views.app */,
			);
			name = Products;
			sourceTree = "<group>";
		};
		B51AD7271C84547F00193739 /* views */ = {
			isa = PBXGroup;
			children = (
				B51AD7281C84547F00193739 /* AppDelegate.swift */,
				B51AD72A1C84547F00193739 /* ViewController.swift */,
				B51AD72C1C84547F00193739 /* Main.storyboard */,
				B51AD72F1C84547F00193739 /* Assets.xcassets */,
				B51AD7311C84547F00193739 /* LaunchScreen.storyboard */,
				B51AD7341C84547F00193739 /* Info.plist */,
			);
			path = views;
			sourceTree = "<group>";
		};
/* End PBXGroup section */

/* Begin PBXNativeTarget section */
		B51AD7241C84547F00193739 /* views */ = {
			isa = PBXNativeTarget;
			buildConfigurationList = B51AD7371C84547F00193739 /* Build configuration list for PBXNativeTarget "views" */;
			buildPhases = (
				B51AD7211C84547F00193739 /* Sources */,
				B51AD7221C84547F00193739 /* Frameworks */,
				B51AD7231C84547F00193739 /* Resources */,
			);
			buildRules = (
			);
			dependencies = (
			);
			name = views;
			productName = views;
			productReference = B51AD7251C84547F00193739 /* views.app */;
			productType = "com.apple.product-type.application";
		};
/* End PBXNativeTarget section */

/* Begin PBXProject section */
		B51AD71D1C84547F00193739 /* Project object */ = {
			isa = PBXProject;
			attributes = {
				LastSwiftUpdateCheck = 0720;
				LastUpgradeCheck = 0820;
				ORGANIZATIONNAME = liu;
				TargetAttributes = {
					B51AD7241C84547F00193739 = {
						CreatedOnToolsVersion = 7.2.1;
						DevelopmentTeam = 62KYF3H5LN;
						LastSwiftMigration = 0820;
					};
				};
			};
			buildConfigurationList = B51AD7201C84547F00193739 /* Build configuration list for PBXProject "views" */;
			compatibilityVersion = "Xcode 3.2";
			developmentRegion = English;
			hasScannedForEncodings = 0;
			knownRegions = (
				en,
				Base,
			);
			mainGroup = B51AD71C1C84547F00193739;
			productRefGroup = B51AD7261C84547F00193739 /* Products */;
			projectDirPath = "";
			projectRoot = "";
			targets = (
				B51AD7241C84547F00193739 /* views */,
			);
		};
/* End PBXProject section */

/* Begin PBXResourcesBuildPhase section */
		B51AD7231C84547F00193739 /* Resources */ = {
			isa = PBXResourcesBuildPhase;
			buildActionMask = 2147483647;
			files = (
				B51AD7331C84547F00193739 /* LaunchScreen.storyboard in Resources */,
				B51AD7301C84547F00193739 /* Assets.xcassets in Resources */,
				B51AD72E1C84547F00193739 /* Main.storyboard in Resources */,
			);
			runOnlyForDeploymentPostprocessing = 0;
		};
/* End PBXResourcesBuildPhase section */

/* Begin PBXSourcesBuildPhase section */
		B51AD7211C84547F00193739 /* Sources */ = {
			isa = PBXSourcesBuildPhase;
			buildActionMask = 2147483647;
			files = (
				B51AD72B1C84547F00193739 /* ViewController.swift in Sources */,
				B51AD7291C84547F00193739 /* AppDelegate.swift in Sources */,
			);
			runOnlyForDeploymentPostprocessing = 0;
		};
/* End PBXSourcesBuildPhase section */

/* Begin PBXVariantGroup section */
		B51AD72C1C84547F00193739 /* Main.storyboard */ = {
			isa = PBXVariantGroup;
			children = (
				B51AD72D1C84547F00193739 /* Base */,
			);
			name = Main.storyboard;
			sourceTree = "<group>";
		};
		B51AD7311C84547F00193739 /* LaunchScreen.storyboard */ = {
			isa = PBXVariantGroup;
			children = (
				B51AD7321C84547F00193739 /* Base */,
			);
			name = LaunchScreen.storyboard;
			sourceTree = "<group>";
		};
/* End PBXVariantGroup section */

/* Begin XCBuildConfiguration section */
		B51AD7351C84547F00193739 /* Debug */ = {
			isa = XCBuildConfiguration;
			buildSettings = {
				ALWAYS_SEARCH_USER_PATHS = NO;
				CLANG_CXX_LANGUAGE_STANDARD = "gnu++0x";
				CLANG_CXX_LIBRARY = "libc++";
				CLANG_ENABLE_MODULES = YES;
				CLANG_ENABLE_OBJC_ARC = YES;
				CLANG_WARN_BOOL_CONVERSION = YES;
				CLANG_WARN_CONSTANT_CONVERSION = YES;
				CLANG_WARN_DIRECT_OBJC_ISA_USAGE = YES_ERROR;
				CLANG_WARN_EMPTY_BODY = YES;
				CLANG_WARN_ENUM_CONVERSION = YES;
				CLANG_WARN_INFINITE_RECURSION = YES;
				CLANG_WARN_INT_CONVERSION = YES;
				CLANG_WARN_OBJC_ROOT_CLASS = YES_ERROR;
				CLANG_WARN_SUSPICIOUS_MOVE = YES;
				CLANG_WARN_UNREACHABLE_CODE = YES;
				CLANG_WARN__DUPLICATE_METHOD_MATCH = YES;
				"CODE_SIGN_IDENTITY[sdk=iphoneos*]" = "iPhone Developer";
				COPY_PHASE_STRIP = NO;
				DEBUG_INFORMATION_FORMAT = dwarf;
				ENABLE_STRICT_OBJC_MSGSEND = YES;
				ENABLE_TESTABILITY = YES;
				GCC_C_LANGUAGE_STANDARD = gnu99;
				GCC_DYNAMIC_NO_PIC = NO;
				GCC_NO_COMMON_BLOCKS = YES;
				GCC_OPTIMIZATION_LEVEL = 0;
				GCC_PREPROCESSOR_DEFINITIONS = (
					"DEBUG=1",
					"$(inherited)",
				);
				GCC_WARN_64_TO_32_BIT_CONVERSION = YES;
				GCC_WARN_ABOUT_RETURN_TYPE = YES_ERROR;
				GCC_WARN_UNDECLARED_SELECTOR = YES;
				GCC_WARN_UNINITIALIZED_AUTOS = YES_AGGRESSIVE;
				GCC_WARN_UNUSED_FUNCTION = YES;
				GCC_WARN_UNUSED_VARIABLE = YES;
				IPHONEOS_DEPLOYMENT_TARGET = 9.2;
				MTL_ENABLE_DEBUG_INFO = YES;
				ONLY_ACTIVE_ARCH = YES;
				SDKROOT = iphoneos;
				SWIFT_OPTIMIZATION_LEVEL = "-Onone";
				TARGETED_DEVICE_FAMILY = "1,2";
			};
			name = Debug;
		};
		B51AD7361C84547F00193739 /* Release */ = {
			isa = XCBuildConfiguration;
			buildSettings = {
				ALWAYS_SEARCH_USER_PATHS = NO;
				CLANG_CXX_LANGUAGE_STANDARD = "gnu++0x";
				CLANG_CXX_LIBRARY = "libc++";
				CLANG_ENABLE_MODULES = YES;
				CLANG_ENABLE_OBJC_ARC = YES;
				CLANG_WARN_BOOL_CONVERSION = YES;
				CLANG_WARN_CONSTANT_CONVERSION = YES;
				CLANG_WARN_DIRECT_OBJC_ISA_USAGE = YES_ERROR;
				CLANG_WARN_EMPTY_BODY = YES;
				CLANG_WARN_ENUM_CONVERSION = YES;
				CLANG_WARN_INFINITE_RECURSION = YES;
				CLANG_WARN_INT_CONVERSION = YES;
				CLANG_WARN_OBJC_ROOT_CLASS = YES_ERROR;
				CLANG_WARN_SUSPICIOUS_MOVE = YES;
				CLANG_WARN_UNREACHABLE_CODE = YES;
				CLANG_WARN__DUPLICATE_METHOD_MATCH = YES;
				"CODE_SIGN_IDENTITY[sdk=iphoneos*]" = "iPhone Developer";
				COPY_PHASE_STRIP = NO;
				DEBUG_INFORMATION_FORMAT = "dwarf-with-dsym";
				ENABLE_NS_ASSERTIONS = NO;
				ENABLE_STRICT_OBJC_MSGSEND = YES;
				GCC_C_LANGUAGE_STANDARD = gnu99;
				GCC_NO_COMMON_BLOCKS = YES;
				GCC_WARN_64_TO_32_BIT_CONVERSION = YES;
				GCC_WARN_ABOUT_RETURN_TYPE = YES_ERROR;
				GCC_WARN_UNDECLARED_SELECTOR = YES;
				GCC_WARN_UNINITIALIZED_AUTOS = YES_AGGRESSIVE;
				GCC_WARN_UNUSED_FUNCTION = YES;
				GCC_WARN_UNUSED_VARIABLE = YES;
				IPHONEOS_DEPLOYMENT_TARGET = 9.2;
				MTL_ENABLE_DEBUG_INFO = NO;
				SDKROOT = iphoneos;
				SWIFT_OPTIMIZATION_LEVEL = "-Owholemodule";
				TARGETED_DEVICE_FAMILY = "1,2";
				VALIDATE_PRODUCT = YES;
			};
			name = Release;
		};
		B51AD7381C84547F00193739 /* Debug */ = {
			isa = XCBuildConfiguration;
			buildSettings = {
				ASSETCATALOG_COMPILER_APPICON_NAME = AppIcon;
				DEVELOPMENT_TEAM = 62KYF3H5LN;
				INFOPLIST_FILE = views/Info.plist;
				LD_RUNPATH_SEARCH_PATHS = "$(inherited) @executable_path/Frameworks";
				PRODUCT_BUNDLE_IDENTIFIER = liu.views;
				PRODUCT_NAME = "$(TARGET_NAME)";
				SWIFT_VERSION = 3.0;
			};
			name = Debug;
		};
		B51AD7391C84547F00193739 /* Release */ = {
			isa = XCBuildConfiguration;
			buildSettings = {
				ASSETCATALOG_COMPILER_APPICON_NAME = AppIcon;
				DEVELOPMENT_TEAM = 62KYF3H5LN;
				INFOPLIST_FILE = views/Info.plist;
				LD_RUNPATH_SEARCH_PATHS = "$(inherited) @executable_path/Frameworks";
				PRODUCT_BUNDLE_IDENTIFIER = liu.views;
				PRODUCT_NAME = "$(TARGET_NAME)";
				SWIFT_VERSION = 3.0;
			};
			name = Release;
		};
/* End XCBuildConfiguration section */

/* Begin XCConfigurationList section */
		B51AD7201C84547F00193739 /* Build configuration list for PBXProject "views" */ = {
			isa = XCConfigurationList;
			buildConfigurations = (
				B51AD7351C84547F00193739 /* Debug */,
				B51AD7361C84547F00193739 /* Release */,
			);
			defaultConfigurationIsVisible = 0;
			defaultConfigurationName = Release;
		};
		B51AD7371C84547F00193739 /* Build configuration list for PBXNativeTarget "views" */ = {
			isa = XCConfigurationList;
			buildConfigurations = (
				B51AD7381C84547F00193739 /* Debug */,
				B51AD7391C84547F00193739 /* Release */,
			);
			defaultConfigurationIsVisible = 0;
			defaultConfigurationName = Release;
		};
/* End XCConfigurationList section */
	};
	rootObject = B51AD71D1C84547F00193739 /* Project object */;
}
