// !$*UTF8*$!
{
	archiveVersion = 1;
	classes = {
	};
	objectVersion = 46;
	objects = {

/* Begin PBXBuildFile section */
		5CA7B3331BC635660048949C /* AppDelegate.m in Sources */ = {isa = PBXBuildFile; fileRef = 5CA7B3321BC635660048949C /* AppDelegate.m */; };
		5CA7B3351BC635660048949C /* main.m in Sources */ = {isa = PBXBuildFile; fileRef = 5CA7B3341BC635660048949C /* main.m */; };
		5CA7B3371BC635660048949C /* Images.xcassets in Resources */ = {isa = PBXBuildFile; fileRef = 5CA7B3361BC635660048949C /* Images.xcassets */; };
		5CA7B33A1BC635660048949C /* MainMenu.xib in Resources */ = {isa = PBXBuildFile; fileRef = 5CA7B3381BC635660048949C /* MainMenu.xib */; };
		5CA7B3461BC635660048949C /* ddTests.m in Sources */ = {isa = PBXBuildFile; fileRef = 5CA7B3451BC635660048949C /* ddTests.m */; };
/* End PBXBuildFile section */

/* Begin PBXContainerItemProxy section */
		5CA7B3401BC635660048949C /* PBXContainerItemProxy */ = {
			isa = PBXContainerItemProxy;
			containerPortal = 5CA7B3241BC635660048949C /* Project object */;
			proxyType = 1;
			remoteGlobalIDString = 5CA7B32B1BC635660048949C;
			remoteInfo = dd;
		};
/* End PBXContainerItemProxy section */

/* Begin PBXFileReference section */
		5CA7B32C1BC635660048949C /* dd.app */ = {isa = PBXFileReference; explicitFileType = wrapper.application; includeInIndex = 0; path = dd.app; sourceTree = BUILT_PRODUCTS_DIR; };
		5CA7B3301BC635660048949C /* Info.plist */ = {isa = PBXFileReference; lastKnownFileType = text.plist.xml; path = Info.plist; sourceTree = "<group>"; };
		5CA7B3311BC635660048949C /* AppDelegate.h */ = {isa = PBXFileReference; lastKnownFileType = sourcecode.c.h; path = AppDelegate.h; sourceTree = "<group>"; };
		5CA7B3321BC635660048949C /* AppDelegate.m */ = {isa = PBXFileReference; lastKnownFileType = sourcecode.c.objc; path = AppDelegate.m; sourceTree = "<group>"; };
		5CA7B3341BC635660048949C /* main.m */ = {isa = PBXFileReference; lastKnownFileType = sourcecode.c.objc; path = main.m; sourceTree = "<group>"; };
		5CA7B3361BC635660048949C /* Images.xcassets */ = {isa = PBXFileReference; lastKnownFileType = folder.assetcatalog; path = Images.xcassets; sourceTree = "<group>"; };
		5CA7B3391BC635660048949C /* Base */ = {isa = PBXFileReference; lastKnownFileType = file.xib; name = Base; path = Base.lproj/MainMenu.xib; sourceTree = "<group>"; };
		5CA7B33F1BC635660048949C /* ddTests.xctest */ = {isa = PBXFileReference; explicitFileType = wrapper.cfbundle; includeInIndex = 0; path = ddTests.xctest; sourceTree = BUILT_PRODUCTS_DIR; };
		5CA7B3441BC635660048949C /* Info.plist */ = {isa = PBXFileReference; lastKnownFileType = text.plist.xml; path = Info.plist; sourceTree = "<group>"; };
		5CA7B3451BC635660048949C /* ddTests.m */ = {isa = PBXFileReference; lastKnownFileType = sourcecode.c.objc; path = ddTests.m; sourceTree = "<group>"; };
/* End PBXFileReference section */

/* Begin PBXFrameworksBuildPhase section */
		5CA7B3291BC635660048949C /* Frameworks */ = {
			isa = PBXFrameworksBuildPhase;
			buildActionMask = 2147483647;
			files = (
			);
			runOnlyForDeploymentPostprocessing = 0;
		};
		5CA7B33C1BC635660048949C /* Frameworks */ = {
			isa = PBXFrameworksBuildPhase;
			buildActionMask = 2147483647;
			files = (
			);
			runOnlyForDeploymentPostprocessing = 0;
		};
/* End PBXFrameworksBuildPhase section */

/* Begin PBXGroup section */
		5CA7B3231BC635660048949C = {
			isa = PBXGroup;
			children = (
				5CA7B32E1BC635660048949C /* dd */,
				5CA7B3421BC635660048949C /* ddTests */,
				5CA7B32D1BC635660048949C /* Products */,
			);
			sourceTree = "<group>";
		};
		5CA7B32D1BC635660048949C /* Products */ = {
			isa = PBXGroup;
			children = (
				5CA7B32C1BC635660048949C /* dd.app */,
				5CA7B33F1BC635660048949C /* ddTests.xctest */,
			);
			name = Products;
			sourceTree = "<group>";
		};
		5CA7B32E1BC635660048949C /* dd */ = {
			isa = PBXGroup;
			children = (
				5CA7B3311BC635660048949C /* AppDelegate.h */,
				5CA7B3321BC635660048949C /* AppDelegate.m */,
				5CA7B3361BC635660048949C /* Images.xcassets */,
				5CA7B3381BC635660048949C /* MainMenu.xib */,
				5CA7B32F1BC635660048949C /* Supporting Files */,
			);
			path = dd;
			sourceTree = "<group>";
		};
		5CA7B32F1BC635660048949C /* Supporting Files */ = {
			isa = PBXGroup;
			children = (
				5CA7B3301BC635660048949C /* Info.plist */,
				5CA7B3341BC635660048949C /* main.m */,
			);
			name = "Supporting Files";
			sourceTree = "<group>";
		};
		5CA7B3421BC635660048949C /* ddTests */ = {
			isa = PBXGroup;
			children = (
				5CA7B3451BC635660048949C /* ddTests.m */,
				5CA7B3431BC635660048949C /* Supporting Files */,
			);
			path = ddTests;
			sourceTree = "<group>";
		};
		5CA7B3431BC635660048949C /* Supporting Files */ = {
			isa = PBXGroup;
			children = (
				5CA7B3441BC635660048949C /* Info.plist */,
			);
			name = "Supporting Files";
			sourceTree = "<group>";
		};
/* End PBXGroup section */

/* Begin PBXNativeTarget section */
		5CA7B32B1BC635660048949C /* dd */ = {
			isa = PBXNativeTarget;
			buildConfigurationList = 5CA7B3491BC635660048949C /* Build configuration list for PBXNativeTarget "dd" */;
			buildPhases = (
				5CA7B3281BC635660048949C /* Sources */,
				5CA7B3291BC635660048949C /* Frameworks */,
				5CA7B32A1BC635660048949C /* Resources */,
			);
			buildRules = (
			);
			dependencies = (
			);
			name = dd;
			productName = dd;
			productReference = 5CA7B32C1BC635660048949C /* dd.app */;
			productType = "com.apple.product-type.application";
		};
		5CA7B33E1BC635660048949C /* ddTests */ = {
			isa = PBXNativeTarget;
			buildConfigurationList = 5CA7B34C1BC635660048949C /* Build configuration list for PBXNativeTarget "ddTests" */;
			buildPhases = (
				5CA7B33B1BC635660048949C /* Sources */,
				5CA7B33C1BC635660048949C /* Frameworks */,
				5CA7B33D1BC635660048949C /* Resources */,
			);
			buildRules = (
			);
			dependencies = (
				5CA7B3411BC635660048949C /* PBXTargetDependency */,
			);
			name = ddTests;
			productName = ddTests;
			productReference = 5CA7B33F1BC635660048949C /* ddTests.xctest */;
			productType = "com.apple.product-type.bundle.unit-test";
		};
/* End PBXNativeTarget section */

/* Begin PBXProject section */
		5CA7B3241BC635660048949C /* Project object */ = {
			isa = PBXProject;
			attributes = {
				LastUpgradeCheck = 0640;
				ORGANIZATIONNAME = rita;
				TargetAttributes = {
					5CA7B32B1BC635660048949C = {
						CreatedOnToolsVersion = 6.4;
					};
					5CA7B33E1BC635660048949C = {
						CreatedOnToolsVersion = 6.4;
						TestTargetID = 5CA7B32B1BC635660048949C;
					};
				};
			};
			buildConfigurationList = 5CA7B3271BC635660048949C /* Build configuration list for PBXProject "dd" */;
			compatibilityVersion = "Xcode 3.2";
			developmentRegion = English;
			hasScannedForEncodings = 0;
			knownRegions = (
				en,
				Base,
			);
			mainGroup = 5CA7B3231BC635660048949C;
			productRefGroup = 5CA7B32D1BC635660048949C /* Products */;
			projectDirPath = "";
			projectRoot = "";
			targets = (
				5CA7B32B1BC635660048949C /* dd */,
				5CA7B33E1BC635660048949C /* ddTests */,
			);
		};
/* End PBXProject section */

/* Begin PBXResourcesBuildPhase section */
		5CA7B32A1BC635660048949C /* Resources */ = {
			isa = PBXResourcesBuildPhase;
			buildActionMask = 2147483647;
			files = (
				5CA7B3371BC635660048949C /* Images.xcassets in Resources */,
				5CA7B33A1BC635660048949C /* MainMenu.xib in Resources */,
			);
			runOnlyForDeploymentPostprocessing = 0;
		};
		5CA7B33D1BC635660048949C /* Resources */ = {
			isa = PBXResourcesBuildPhase;
			buildActionMask = 2147483647;
			files = (
			);
			runOnlyForDeploymentPostprocessing = 0;
		};
/* End PBXResourcesBuildPhase section */

/* Begin PBXSourcesBuildPhase section */
		5CA7B3281BC635660048949C /* Sources */ = {
			isa = PBXSourcesBuildPhase;
			buildActionMask = 2147483647;
			files = (
				5CA7B3351BC635660048949C /* main.m in Sources */,
				5CA7B3331BC635660048949C /* AppDelegate.m in Sources */,
			);
			runOnlyForDeploymentPostprocessing = 0;
		};
		5CA7B33B1BC635660048949C /* Sources */ = {
			isa = PBXSourcesBuildPhase;
			buildActionMask = 2147483647;
			files = (
				5CA7B3461BC635660048949C /* ddTests.m in Sources */,
			);
			runOnlyForDeploymentPostprocessing = 0;
		};
/* End PBXSourcesBuildPhase section */

/* Begin PBXTargetDependency section */
		5CA7B3411BC635660048949C /* PBXTargetDependency */ = {
			isa = PBXTargetDependency;
			target = 5CA7B32B1BC635660048949C /* dd */;
			targetProxy = 5CA7B3401BC635660048949C /* PBXContainerItemProxy */;
		};
/* End PBXTargetDependency section */

/* Begin PBXVariantGroup section */
		5CA7B3381BC635660048949C /* MainMenu.xib */ = {
			isa = PBXVariantGroup;
			children = (
				5CA7B3391BC635660048949C /* Base */,
			);
			name = MainMenu.xib;
			sourceTree = "<group>";
		};
/* End PBXVariantGroup section */

/* Begin XCBuildConfiguration section */
		5CA7B3471BC635660048949C /* Debug */ = {
			isa = XCBuildConfiguration;
			buildSettings = {
				ALWAYS_SEARCH_USER_PATHS = NO;
				CLANG_CXX_LANGUAGE_STANDARD = "gnu++0x";
				CLANG_CXX_LIBRARY = "libc++";
				CLANG_ENABLE_MODULES = YES;
				CLANG_ENABLE_OBJC_ARC = YES;
				CLANG_WARN_BOOL_CONVERSION = YES;
				CLANG_WARN_CONSTANT_CONVERSION = YES;
				CLANG_WARN_DIRECT_OBJC_ISA_USAGE = YES_ERROR;
				CLANG_WARN_EMPTY_BODY = YES;
				CLANG_WARN_ENUM_CONVERSION = YES;
				CLANG_WARN_INT_CONVERSION = YES;
				CLANG_WARN_OBJC_ROOT_CLASS = YES_ERROR;
				CLANG_WARN_UNREACHABLE_CODE = YES;
				CLANG_WARN__DUPLICATE_METHOD_MATCH = YES;
				CODE_SIGN_IDENTITY = "-";
				COPY_PHASE_STRIP = NO;
				DEBUG_INFORMATION_FORMAT = dwarf;
				ENABLE_STRICT_OBJC_MSGSEND = YES;
				GCC_C_LANGUAGE_STANDARD = gnu99;
				GCC_DYNAMIC_NO_PIC = NO;
				GCC_NO_COMMON_BLOCKS = YES;
				GCC_OPTIMIZATION_LEVEL = 0;
				GCC_PREPROCESSOR_DEFINITIONS = (
					"DEBUG=1",
					"$(inherited)",
				);
				GCC_SYMBOLS_PRIVATE_EXTERN = NO;
				GCC_WARN_64_TO_32_BIT_CONVERSION = YES;
				GCC_WARN_ABOUT_RETURN_TYPE = YES_ERROR;
				GCC_WARN_UNDECLARED_SELECTOR = YES;
				GCC_WARN_UNINITIALIZED_AUTOS = YES_AGGRESSIVE;
				GCC_WARN_UNUSED_FUNCTION = YES;
				GCC_WARN_UNUSED_VARIABLE = YES;
				MACOSX_DEPLOYMENT_TARGET = 10.10;
				MTL_ENABLE_DEBUG_INFO = YES;
				ONLY_ACTIVE_ARCH = YES;
				SDKROOT = macosx;
			};
			name = Debug;
		};
		5CA7B3481BC635660048949C /* Release */ = {
			isa = XCBuildConfiguration;
			buildSettings = {
				ALWAYS_SEARCH_USER_PATHS = NO;
				CLANG_CXX_LANGUAGE_STANDARD = "gnu++0x";
				CLANG_CXX_LIBRARY = "libc++";
				CLANG_ENABLE_MODULES = YES;
				CLANG_ENABLE_OBJC_ARC = YES;
				CLANG_WARN_BOOL_CONVERSION = YES;
				CLANG_WARN_CONSTANT_CONVERSION = YES;
				CLANG_WARN_DIRECT_OBJC_ISA_USAGE = YES_ERROR;
				CLANG_WARN_EMPTY_BODY = YES;
				CLANG_WARN_ENUM_CONVERSION = YES;
				CLANG_WARN_INT_CONVERSION = YES;
				CLANG_WARN_OBJC_ROOT_CLASS = YES_ERROR;
				CLANG_WARN_UNREACHABLE_CODE = YES;
				CLANG_WARN__DUPLICATE_METHOD_MATCH = YES;
				CODE_SIGN_IDENTITY = "-";
				COPY_PHASE_STRIP = NO;
				DEBUG_INFORMATION_FORMAT = "dwarf-with-dsym";
				ENABLE_NS_ASSERTIONS = NO;
				ENABLE_STRICT_OBJC_MSGSEND = YES;
				GCC_C_LANGUAGE_STANDARD = gnu99;
				GCC_NO_COMMON_BLOCKS = YES;
				GCC_WARN_64_TO_32_BIT_CONVERSION = YES;
				GCC_WARN_ABOUT_RETURN_TYPE = YES_ERROR;
				GCC_WARN_UNDECLARED_SELECTOR = YES;
				GCC_WARN_UNINITIALIZED_AUTOS = YES_AGGRESSIVE;
				GCC_WARN_UNUSED_FUNCTION = YES;
				GCC_WARN_UNUSED_VARIABLE = YES;
				MACOSX_DEPLOYMENT_TARGET = 10.10;
				MTL_ENABLE_DEBUG_INFO = NO;
				SDKROOT = macosx;
			};
			name = Release;
		};
		5CA7B34A1BC635660048949C /* Debug */ = {
			isa = XCBuildConfiguration;
			buildSettings = {
				ASSETCATALOG_COMPILER_APPICON_NAME = AppIcon;
				COMBINE_HIDPI_IMAGES = YES;
				INFOPLIST_FILE = dd/Info.plist;
				LD_RUNPATH_SEARCH_PATHS = "$(inherited) @executable_path/../Frameworks";
				PRODUCT_NAME = "$(TARGET_NAME)";
			};
			name = Debug;
		};
		5CA7B34B1BC635660048949C /* Release */ = {
			isa = XCBuildConfiguration;
			buildSettings = {
				ASSETCATALOG_COMPILER_APPICON_NAME = AppIcon;
				COMBINE_HIDPI_IMAGES = YES;
				INFOPLIST_FILE = dd/Info.plist;
				LD_RUNPATH_SEARCH_PATHS = "$(inherited) @executable_path/../Frameworks";
				PRODUCT_NAME = "$(TARGET_NAME)";
			};
			name = Release;
		};
		5CA7B34D1BC635660048949C /* Debug */ = {
			isa = XCBuildConfiguration;
			buildSettings = {
				BUNDLE_LOADER = "$(TEST_HOST)";
				COMBINE_HIDPI_IMAGES = YES;
				FRAMEWORK_SEARCH_PATHS = (
					"$(DEVELOPER_FRAMEWORKS_DIR)",
					"$(inherited)",
				);
				GCC_PREPROCESSOR_DEFINITIONS = (
					"DEBUG=1",
					"$(inherited)",
				);
				INFOPLIST_FILE = ddTests/Info.plist;
				LD_RUNPATH_SEARCH_PATHS = "$(inherited) @executable_path/../Frameworks @loader_path/../Frameworks";
				PRODUCT_NAME = "$(TARGET_NAME)";
				TEST_HOST = "$(BUILT_PRODUCTS_DIR)/dd.app/Contents/MacOS/dd";
			};
			name = Debug;
		};
		5CA7B34E1BC635660048949C /* Release */ = {
			isa = XCBuildConfiguration;
			buildSettings = {
				BUNDLE_LOADER = "$(TEST_HOST)";
				COMBINE_HIDPI_IMAGES = YES;
				FRAMEWORK_SEARCH_PATHS = (
					"$(DEVELOPER_FRAMEWORKS_DIR)",
					"$(inherited)",
				);
				INFOPLIST_FILE = ddTests/Info.plist;
				LD_RUNPATH_SEARCH_PATHS = "$(inherited) @executable_path/../Frameworks @loader_path/../Frameworks";
				PRODUCT_NAME = "$(TARGET_NAME)";
				TEST_HOST = "$(BUILT_PRODUCTS_DIR)/dd.app/Contents/MacOS/dd";
			};
			name = Release;
		};
/* End XCBuildConfiguration section */

/* Begin XCConfigurationList section */
		5CA7B3271BC635660048949C /* Build configuration list for PBXProject "dd" */ = {
			isa = XCConfigurationList;
			buildConfigurations = (
				5CA7B3471BC635660048949C /* Debug */,
				5CA7B3481BC635660048949C /* Release */,
			);
			defaultConfigurationIsVisible = 0;
			defaultConfigurationName = Release;
		};
		5CA7B3491BC635660048949C /* Build configuration list for PBXNativeTarget "dd" */ = {
			isa = XCConfigurationList;
			buildConfigurations = (
				5CA7B34A1BC635660048949C /* Debug */,
				5CA7B34B1BC635660048949C /* Release */,
			);
			defaultConfigurationIsVisible = 0;
		};
		5CA7B34C1BC635660048949C /* Build configuration list for PBXNativeTarget "ddTests" */ = {
			isa = XCConfigurationList;
			buildConfigurations = (
				5CA7B34D1BC635660048949C /* Debug */,
				5CA7B34E1BC635660048949C /* Release */,
			);
			defaultConfigurationIsVisible = 0;
		};
/* End XCConfigurationList section */
	};
	rootObject = 5CA7B3241BC635660048949C /* Project object */;
}
