// !$*UTF8*$!
{
	archiveVersion = 1;
	classes = {
	};
	objectVersion = 46;
	objects = {

/* Begin PBXBuildFile section */
		B5D3199B1C8C3EA600323F2D /* AppDelegate.swift in Sources */ = {isa = PBXBuildFile; fileRef = B5D3199A1C8C3EA600323F2D /* AppDelegate.swift */; };
		B5D3199D1C8C3EA700323F2D /* Assets.xcassets in Resources */ = {isa = PBXBuildFile; fileRef = B5D3199C1C8C3EA700323F2D /* Assets.xcassets */; };
		B5D319A01C8C3EA700323F2D /* LaunchScreen.storyboard in Resources */ = {isa = PBXBuildFile; fileRef = B5D3199E1C8C3EA700323F2D /* LaunchScreen.storyboard */; };
/* End PBXBuildFile section */

/* Begin PBXFileReference section */
		B5D319971C8C3EA600323F2D /* controls.app */ = {isa = PBXFileReference; explicitFileType = wrapper.application; includeInIndex = 0; path = controls.app; sourceTree = BUILT_PRODUCTS_DIR; };
		B5D3199A1C8C3EA600323F2D /* AppDelegate.swift */ = {isa = PBXFileReference; lastKnownFileType = sourcecode.swift; path = AppDelegate.swift; sourceTree = "<group>"; };
		B5D3199C1C8C3EA700323F2D /* Assets.xcassets */ = {isa = PBXFileReference; lastKnownFileType = folder.assetcatalog; path = Assets.xcassets; sourceTree = "<group>"; };
		B5D3199F1C8C3EA700323F2D /* Base */ = {isa = PBXFileReference; lastKnownFileType = file.storyboard; name = Base; path = Base.lproj/LaunchScreen.storyboard; sourceTree = "<group>"; };
		B5D319A11C8C3EA700323F2D /* Info.plist */ = {isa = PBXFileReference; lastKnownFileType = text.plist.xml; path = Info.plist; sourceTree = "<group>"; };
/* End PBXFileReference section */

/* Begin PBXFrameworksBuildPhase section */
		B5D319941C8C3EA600323F2D /* Frameworks */ = {
			isa = PBXFrameworksBuildPhase;
			buildActionMask = 2147483647;
			files = (
			);
			runOnlyForDeploymentPostprocessing = 0;
		};
/* End PBXFrameworksBuildPhase section */

/* Begin PBXGroup section */
		B5D3198E1C8C3EA600323F2D = {
			isa = PBXGroup;
			children = (
				B5D319991C8C3EA600323F2D /* controls */,
				B5D319981C8C3EA600323F2D /* Products */,
			);
			sourceTree = "<group>";
		};
		B5D319981C8C3EA600323F2D /* Products */ = {
			isa = PBXGroup;
			children = (
				B5D319971C8C3EA600323F2D /* controls.app */,
			);
			name = Products;
			sourceTree = "<group>";
		};
		B5D319991C8C3EA600323F2D /* controls */ = {
			isa = PBXGroup;
			children = (
				B5D3199A1C8C3EA600323F2D /* AppDelegate.swift */,
				B5D3199C1C8C3EA700323F2D /* Assets.xcassets */,
				B5D3199E1C8C3EA700323F2D /* LaunchScreen.storyboard */,
				B5D319A11C8C3EA700323F2D /* Info.plist */,
			);
			path = controls;
			sourceTree = "<group>";
		};
/* End PBXGroup section */

/* Begin PBXNativeTarget section */
		B5D319961C8C3EA600323F2D /* controls */ = {
			isa = PBXNativeTarget;
			buildConfigurationList = B5D319A41C8C3EA700323F2D /* Build configuration list for PBXNativeTarget "controls" */;
			buildPhases = (
				B5D319931C8C3EA600323F2D /* Sources */,
				B5D319941C8C3EA600323F2D /* Frameworks */,
				B5D319951C8C3EA600323F2D /* Resources */,
			);
			buildRules = (
			);
			dependencies = (
			);
			name = controls;
			productName = controls;
			productReference = B5D319971C8C3EA600323F2D /* controls.app */;
			productType = "com.apple.product-type.application";
		};
/* End PBXNativeTarget section */

/* Begin PBXProject section */
		B5D3198F1C8C3EA600323F2D /* Project object */ = {
			isa = PBXProject;
			attributes = {
				LastSwiftUpdateCheck = 0720;
				LastUpgradeCheck = 0720;
				ORGANIZATIONNAME = liu;
				TargetAttributes = {
					B5D319961C8C3EA600323F2D = {
						CreatedOnToolsVersion = 7.2.1;
						DevelopmentTeam = 62KYF3H5LN;
					};
				};
			};
			buildConfigurationList = B5D319921C8C3EA600323F2D /* Build configuration list for PBXProject "controls" */;
			compatibilityVersion = "Xcode 3.2";
			developmentRegion = English;
			hasScannedForEncodings = 0;
			knownRegions = (
				en,
				Base,
			);
			mainGroup = B5D3198E1C8C3EA600323F2D;
			productRefGroup = B5D319981C8C3EA600323F2D /* Products */;
			projectDirPath = "";
			projectRoot = "";
			targets = (
				B5D319961C8C3EA600323F2D /* controls */,
			);
		};
/* End PBXProject section */

/* Begin PBXResourcesBuildPhase section */
		B5D319951C8C3EA600323F2D /* Resources */ = {
			isa = PBXResourcesBuildPhase;
			buildActionMask = 2147483647;
			files = (
				B5D3199D1C8C3EA700323F2D /* Assets.xcassets in Resources */,
				B5D319A01C8C3EA700323F2D /* LaunchScreen.storyboard in Resources */,
			);
			runOnlyForDeploymentPostprocessing = 0;
		};
/* End PBXResourcesBuildPhase section */

/* Begin PBXSourcesBuildPhase section */
		B5D319931C8C3EA600323F2D /* Sources */ = {
			isa = PBXSourcesBuildPhase;
			buildActionMask = 2147483647;
			files = (
				B5D3199B1C8C3EA600323F2D /* AppDelegate.swift in Sources */,
			);
			runOnlyForDeploymentPostprocessing = 0;
		};
/* End PBXSourcesBuildPhase section */

/* Begin PBXVariantGroup section */
		B5D3199E1C8C3EA700323F2D /* LaunchScreen.storyboard */ = {
			isa = PBXVariantGroup;
			children = (
				B5D3199F1C8C3EA700323F2D /* Base */,
			);
			name = LaunchScreen.storyboard;
			sourceTree = "<group>";
		};
/* End PBXVariantGroup section */

/* Begin XCBuildConfiguration section */
		B5D319A21C8C3EA700323F2D /* Debug */ = {
			isa = XCBuildConfiguration;
			buildSettings = {
				ALWAYS_SEARCH_USER_PATHS = NO;
				CLANG_CXX_LANGUAGE_STANDARD = "gnu++0x";
				CLANG_CXX_LIBRARY = "libc++";
				CLANG_ENABLE_MODULES = YES;
				CLANG_ENABLE_OBJC_ARC = YES;
				CLANG_WARN_BOOL_CONVERSION = YES;
				CLANG_WARN_CONSTANT_CONVERSION = YES;
				CLANG_WARN_DIRECT_OBJC_ISA_USAGE = YES_ERROR;
				CLANG_WARN_EMPTY_BODY = YES;
				CLANG_WARN_ENUM_CONVERSION = YES;
				CLANG_WARN_INT_CONVERSION = YES;
				CLANG_WARN_OBJC_ROOT_CLASS = YES_ERROR;
				CLANG_WARN_UNREACHABLE_CODE = YES;
				CLANG_WARN__DUPLICATE_METHOD_MATCH = YES;
				"CODE_SIGN_IDENTITY[sdk=iphoneos*]" = "iPhone Developer";
				COPY_PHASE_STRIP = NO;
				DEBUG_INFORMATION_FORMAT = dwarf;
				ENABLE_STRICT_OBJC_MSGSEND = YES;
				ENABLE_TESTABILITY = YES;
				GCC_C_LANGUAGE_STANDARD = gnu99;
				GCC_DYNAMIC_NO_PIC = NO;
				GCC_NO_COMMON_BLOCKS = YES;
				GCC_OPTIMIZATION_LEVEL = 0;
				GCC_PREPROCESSOR_DEFINITIONS = (
					"DEBUG=1",
					"$(inherited)",
				);
				GCC_WARN_64_TO_32_BIT_CONVERSION = YES;
				GCC_WARN_ABOUT_RETURN_TYPE = YES_ERROR;
				GCC_WARN_UNDECLARED_SELECTOR = YES;
				GCC_WARN_UNINITIALIZED_AUTOS = YES_AGGRESSIVE;
				GCC_WARN_UNUSED_FUNCTION = YES;
				GCC_WARN_UNUSED_VARIABLE = YES;
				IPHONEOS_DEPLOYMENT_TARGET = 9.2;
				MTL_ENABLE_DEBUG_INFO = YES;
				ONLY_ACTIVE_ARCH = YES;
				SDKROOT = iphoneos;
				SWIFT_OPTIMIZATION_LEVEL = "-Onone";
				TARGETED_DEVICE_FAMILY = "1,2";
			};
			name = Debug;
		};
		B5D319A31C8C3EA700323F2D /* Release */ = {
			isa = XCBuildConfiguration;
			buildSettings = {
				ALWAYS_SEARCH_USER_PATHS = NO;
				CLANG_CXX_LANGUAGE_STANDARD = "gnu++0x";
				CLANG_CXX_LIBRARY = "libc++";
				CLANG_ENABLE_MODULES = YES;
				CLANG_ENABLE_OBJC_ARC = YES;
				CLANG_WARN_BOOL_CONVERSION = YES;
				CLANG_WARN_CONSTANT_CONVERSION = YES;
				CLANG_WARN_DIRECT_OBJC_ISA_USAGE = YES_ERROR;
				CLANG_WARN_EMPTY_BODY = YES;
				CLANG_WARN_ENUM_CONVERSION = YES;
				CLANG_WARN_INT_CONVERSION = YES;
				CLANG_WARN_OBJC_ROOT_CLASS = YES_ERROR;
				CLANG_WARN_UNREACHABLE_CODE = YES;
				CLANG_WARN__DUPLICATE_METHOD_MATCH = YES;
				"CODE_SIGN_IDENTITY[sdk=iphoneos*]" = "iPhone Developer";
				COPY_PHASE_STRIP = NO;
				DEBUG_INFORMATION_FORMAT = "dwarf-with-dsym";
				ENABLE_NS_ASSERTIONS = NO;
				ENABLE_STRICT_OBJC_MSGSEND = YES;
				GCC_C_LANGUAGE_STANDARD = gnu99;
				GCC_NO_COMMON_BLOCKS = YES;
				GCC_WARN_64_TO_32_BIT_CONVERSION = YES;
				GCC_WARN_ABOUT_RETURN_TYPE = YES_ERROR;
				GCC_WARN_UNDECLARED_SELECTOR = YES;
				GCC_WARN_UNINITIALIZED_AUTOS = YES_AGGRESSIVE;
				GCC_WARN_UNUSED_FUNCTION = YES;
				GCC_WARN_UNUSED_VARIABLE = YES;
				IPHONEOS_DEPLOYMENT_TARGET = 9.2;
				MTL_ENABLE_DEBUG_INFO = NO;
				SDKROOT = iphoneos;
				TARGETED_DEVICE_FAMILY = "1,2";
				VALIDATE_PRODUCT = YES;
			};
			name = Release;
		};
		B5D319A51C8C3EA700323F2D /* Debug */ = {
			isa = XCBuildConfiguration;
			buildSettings = {
				ASSETCATALOG_COMPILER_APPICON_NAME = AppIcon;
				INFOPLIST_FILE = controls/Info.plist;
				LD_RUNPATH_SEARCH_PATHS = "$(inherited) @executable_path/Frameworks";
				PRODUCT_BUNDLE_IDENTIFIER = liu.controls;
				PRODUCT_NAME = "$(TARGET_NAME)";
			};
			name = Debug;
		};
		B5D319A61C8C3EA700323F2D /* Release */ = {
			isa = XCBuildConfiguration;
			buildSettings = {
				ASSETCATALOG_COMPILER_APPICON_NAME = AppIcon;
				INFOPLIST_FILE = controls/Info.plist;
				LD_RUNPATH_SEARCH_PATHS = "$(inherited) @executable_path/Frameworks";
				PRODUCT_BUNDLE_IDENTIFIER = liu.controls;
				PRODUCT_NAME = "$(TARGET_NAME)";
			};
			name = Release;
		};
/* End XCBuildConfiguration section */

/* Begin XCConfigurationList section */
		B5D319921C8C3EA600323F2D /* Build configuration list for PBXProject "controls" */ = {
			isa = XCConfigurationList;
			buildConfigurations = (
				B5D319A21C8C3EA700323F2D /* Debug */,
				B5D319A31C8C3EA700323F2D /* Release */,
			);
			defaultConfigurationIsVisible = 0;
			defaultConfigurationName = Release;
		};
		B5D319A41C8C3EA700323F2D /* Build configuration list for PBXNativeTarget "controls" */ = {
			isa = XCConfigurationList;
			buildConfigurations = (
				B5D319A51C8C3EA700323F2D /* Debug */,
				B5D319A61C8C3EA700323F2D /* Release */,
			);
			defaultConfigurationIsVisible = 0;
		};
/* End XCConfigurationList section */
	};
	rootObject = B5D3198F1C8C3EA600323F2D /* Project object */;
}
